
Microsoft Visual Studio Solution File, Format Version 12.00
# Visual Studio Version 17
VisualStudioVersion = 17.0.32014.148
MinimumVisualStudioVersion = 10.0.40219.1
Project("{FAE04EC0-301F-11D3-BF4B-00C04F79EFBC}") = "WebApplication1", "WebApplication1\WebApplication1.csproj", "{3C31B145-CFA3-44E0-95D0-4ACCB5E4462C}"
EndProject
Global
	GlobalSection(SolutionConfigurationPlatforms) = preSolution
		Debug|Any CPU = Debug|Any CPU
		Release|Any CPU = Release|Any CPU
	EndGlobalSection
	GlobalSection(ProjectConfigurationPlatforms) = postSolution
		{3C31B145-CFA3-44E0-95D0-4ACCB5E4462C}.Debug|Any CPU.ActiveCfg = Debug|Any CPU
		{3C31B145-CFA3-44E0-95D0-4ACCB5E4462C}.Debug|Any CPU.Build.0 = Debug|Any CPU
		{3C31B145-CFA3-44E0-95D0-4ACCB5E4462C}.Release|Any CPU.ActiveCfg = Release|Any CPU
		{3C31B145-CFA3-44E0-95D0-4ACCB5E4462C}.Release|Any CPU.Build.0 = Release|Any CPU
	EndGlobalSection
	GlobalSection(SolutionProperties) = preSolution
		HideSolutionNode = FALSE
	EndGlobalSection
	GlobalSection(ExtensibilityGlobals) = postSolution
		SolutionGuid = {F3E8295C-DF7B-41E5-9109-3508F9690296}
	EndGlobalSection
EndGlobal
