
Microsoft Visual Studio Solution File, Format Version 12.00
# Visual Studio Version 16
VisualStudioVersion = 16.0.31424.327
MinimumVisualStudioVersion = 10.0.40219.1
Project("{FAE04EC0-301F-11D3-BF4B-00C04F79EFBC}") = "RestApi", "RestApi\RestApi.csproj", "{FE5D7AD2-AD28-4E61-853B-32A205467F26}"
EndProject
Global
	GlobalSection(SolutionConfigurationPlatforms) = preSolution
		Debug|Any CPU = Debug|Any CPU
		Release|Any CPU = Release|Any CPU
	EndGlobalSection
	GlobalSection(ProjectConfigurationPlatforms) = postSolution
		{FE5D7AD2-AD28-4E61-853B-32A205467F26}.Debug|Any CPU.ActiveCfg = Debug|Any CPU
		{FE5D7AD2-AD28-4E61-853B-32A205467F26}.Debug|Any CPU.Build.0 = Debug|Any CPU
		{FE5D7AD2-AD28-4E61-853B-32A205467F26}.Release|Any CPU.ActiveCfg = Release|Any CPU
		{FE5D7AD2-AD28-4E61-853B-32A205467F26}.Release|Any CPU.Build.0 = Release|Any CPU
	EndGlobalSection
	GlobalSection(SolutionProperties) = preSolution
		HideSolutionNode = FALSE
	EndGlobalSection
	GlobalSection(ExtensibilityGlobals) = postSolution
		SolutionGuid = {738287DD-F280-428A-9962-AA7EF4FF576A}
	EndGlobalSection
EndGlobal
