
Microsoft Visual Studio Solution File, Format Version 12.00
# Visual Studio Version 17
VisualStudioVersion = 17.0.32014.148
MinimumVisualStudioVersion = 10.0.40219.1
Project("{FAE04EC0-301F-11D3-BF4B-00C04F79EFBC}") = "FunctionApp1", "FunctionApp1\FunctionApp1.csproj", "{ECD52959-A605-43E2-8E3A-E8C729676067}"
EndProject
Global
	GlobalSection(SolutionConfigurationPlatforms) = preSolution
		Debug|Any CPU = Debug|Any CPU
		Release|Any CPU = Release|Any CPU
	EndGlobalSection
	GlobalSection(ProjectConfigurationPlatforms) = postSolution
		{ECD52959-A605-43E2-8E3A-E8C729676067}.Debug|Any CPU.ActiveCfg = Debug|Any CPU
		{ECD52959-A605-43E2-8E3A-E8C729676067}.Debug|Any CPU.Build.0 = Debug|Any CPU
		{ECD52959-A605-43E2-8E3A-E8C729676067}.Release|Any CPU.ActiveCfg = Release|Any CPU
		{ECD52959-A605-43E2-8E3A-E8C729676067}.Release|Any CPU.Build.0 = Release|Any CPU
	EndGlobalSection
	GlobalSection(SolutionProperties) = preSolution
		HideSolutionNode = FALSE
	EndGlobalSection
	GlobalSection(ExtensibilityGlobals) = postSolution
		SolutionGuid = {3071BA23-695D-4C07-9B9E-F04E1D651322}
	EndGlobalSection
EndGlobal
