
Microsoft Visual Studio Solution File, Format Version 12.00
# Visual Studio Version 17
VisualStudioVersion = 17.2.32516.85
MinimumVisualStudioVersion = 10.0.40219.1
Project("{FAE04EC0-301F-11D3-BF4B-00C04F79EFBC}") = "Sample2API", "Sample2API\Sample2API.csproj", "{142D4E71-E220-44DE-809B-162E82ABF54F}"
EndProject
Global
	GlobalSection(SolutionConfigurationPlatforms) = preSolution
		Debug|Any CPU = Debug|Any CPU
		Release|Any CPU = Release|Any CPU
	EndGlobalSection
	GlobalSection(ProjectConfigurationPlatforms) = postSolution
		{142D4E71-E220-44DE-809B-162E82ABF54F}.Debug|Any CPU.ActiveCfg = Debug|Any CPU
		{142D4E71-E220-44DE-809B-162E82ABF54F}.Debug|Any CPU.Build.0 = Debug|Any CPU
		{142D4E71-E220-44DE-809B-162E82ABF54F}.Release|Any CPU.ActiveCfg = Release|Any CPU
		{142D4E71-E220-44DE-809B-162E82ABF54F}.Release|Any CPU.Build.0 = Release|Any CPU
	EndGlobalSection
	GlobalSection(SolutionProperties) = preSolution
		HideSolutionNode = FALSE
	EndGlobalSection
	GlobalSection(ExtensibilityGlobals) = postSolution
		SolutionGuid = {4719F32D-CED3-405E-9CFB-6F80D5A9D4F1}
	EndGlobalSection
EndGlobal
