
Microsoft Visual Studio Solution File, Format Version 12.00
# Visual Studio Version 17
VisualStudioVersion = 17.0.32014.148
MinimumVisualStudioVersion = 10.0.40219.1
Project("{FAE04EC0-301F-11D3-BF4B-00C04F79EFBC}") = "WebApplication4", "WebApplication4\WebApplication4.csproj", "{80B8F780-28EA-40E1-A1C7-B38C2C87285C}"
EndProject
Global
	GlobalSection(SolutionConfigurationPlatforms) = preSolution
		Debug|Any CPU = Debug|Any CPU
		Release|Any CPU = Release|Any CPU
	EndGlobalSection
	GlobalSection(ProjectConfigurationPlatforms) = postSolution
		{80B8F780-28EA-40E1-A1C7-B38C2C87285C}.Debug|Any CPU.ActiveCfg = Debug|Any CPU
		{80B8F780-28EA-40E1-A1C7-B38C2C87285C}.Debug|Any CPU.Build.0 = Debug|Any CPU
		{80B8F780-28EA-40E1-A1C7-B38C2C87285C}.Release|Any CPU.ActiveCfg = Release|Any CPU
		{80B8F780-28EA-40E1-A1C7-B38C2C87285C}.Release|Any CPU.Build.0 = Release|Any CPU
	EndGlobalSection
	GlobalSection(SolutionProperties) = preSolution
		HideSolutionNode = FALSE
	EndGlobalSection
	GlobalSection(ExtensibilityGlobals) = postSolution
		SolutionGuid = {DFF4250E-FD4B-4AE6-B87B-0FB4BE66668B}
	EndGlobalSection
EndGlobal
