
Microsoft Visual Studio Solution File, Format Version 12.00
# Visual Studio Version 17
VisualStudioVersion = 17.1.32228.430
MinimumVisualStudioVersion = 10.0.40219.1
Project("{FAE04EC0-301F-11D3-BF4B-00C04F79EFBC}") = "AppSettings", "AppSettings.csproj", "{B1146E16-6090-4366-816B-89C673708B90}"
EndProject
Global
	GlobalSection(SolutionConfigurationPlatforms) = preSolution
		Debug|Any CPU = Debug|Any CPU
		Release|Any CPU = Release|Any CPU
	EndGlobalSection
	GlobalSection(ProjectConfigurationPlatforms) = postSolution
		{B1146E16-6090-4366-816B-89C673708B90}.Debug|Any CPU.ActiveCfg = Debug|Any CPU
		{B1146E16-6090-4366-816B-89C673708B90}.Debug|Any CPU.Build.0 = Debug|Any CPU
		{B1146E16-6090-4366-816B-89C673708B90}.Release|Any CPU.ActiveCfg = Release|Any CPU
		{B1146E16-6090-4366-816B-89C673708B90}.Release|Any CPU.Build.0 = Release|Any CPU
	EndGlobalSection
	GlobalSection(SolutionProperties) = preSolution
		HideSolutionNode = FALSE
	EndGlobalSection
	GlobalSection(ExtensibilityGlobals) = postSolution
		SolutionGuid = {FF9D648C-7DBC-4661-8E5C-34D726C96B1C}
	EndGlobalSection
EndGlobal
