
Microsoft Visual Studio Solution File, Format Version 12.00
# Visual Studio Version 17
VisualStudioVersion = 17.1.32319.34
MinimumVisualStudioVersion = 10.0.40219.1
Project("{FAE04EC0-301F-11D3-BF4B-00C04F79EFBC}") = "WebApplication1", "WebApplication1.csproj", "{17EB9996-5F61-4726-A4C7-63D6FD423803}"
EndProject
Global
	GlobalSection(SolutionConfigurationPlatforms) = preSolution
		Debug|Any CPU = Debug|Any CPU
		Release|Any CPU = Release|Any CPU
	EndGlobalSection
	GlobalSection(ProjectConfigurationPlatforms) = postSolution
		{17EB9996-5F61-4726-A4C7-63D6FD423803}.Debug|Any CPU.ActiveCfg = Debug|Any CPU
		{17EB9996-5F61-4726-A4C7-63D6FD423803}.Debug|Any CPU.Build.0 = Debug|Any CPU
		{17EB9996-5F61-4726-A4C7-63D6FD423803}.Release|Any CPU.ActiveCfg = Release|Any CPU
		{17EB9996-5F61-4726-A4C7-63D6FD423803}.Release|Any CPU.Build.0 = Release|Any CPU
	EndGlobalSection
	GlobalSection(SolutionProperties) = preSolution
		HideSolutionNode = FALSE
	EndGlobalSection
	GlobalSection(ExtensibilityGlobals) = postSolution
		SolutionGuid = {10E4F848-AE5D-4554-9A60-318840C70C75}
	EndGlobalSection
EndGlobal
