
Microsoft Visual Studio Solution File, Format Version 12.00
# Visual Studio Version 16
VisualStudioVersion = 16.0.32106.194
MinimumVisualStudioVersion = 10.0.40219.1
Project("{9092AA53-FB77-4645-B42D-1CCCA6BD08BD}") = "NodejsExpress", "NodejsExpress\NodejsExpress.njsproj", "{A9F2B733-692C-4EE7-A58B-041D90C01A35}"
EndProject
Global
	GlobalSection(SolutionConfigurationPlatforms) = preSolution
		Debug|Any CPU = Debug|Any CPU
		Release|Any CPU = Release|Any CPU
	EndGlobalSection
	GlobalSection(ProjectConfigurationPlatforms) = postSolution
		{A9F2B733-692C-4EE7-A58B-041D90C01A35}.Debug|Any CPU.ActiveCfg = Debug|Any CPU
		{A9F2B733-692C-4EE7-A58B-041D90C01A35}.Debug|Any CPU.Build.0 = Debug|Any CPU
		{A9F2B733-692C-4EE7-A58B-041D90C01A35}.Release|Any CPU.ActiveCfg = Release|Any CPU
		{A9F2B733-692C-4EE7-A58B-041D90C01A35}.Release|Any CPU.Build.0 = Release|Any CPU
	EndGlobalSection
	GlobalSection(SolutionProperties) = preSolution
		HideSolutionNode = FALSE
	EndGlobalSection
	GlobalSection(ExtensibilityGlobals) = postSolution
		SolutionGuid = {AA17C212-E027-4C3C-B989-F3E3B839C592}
	EndGlobalSection
EndGlobal
