
Microsoft Visual Studio Solution File, Format Version 12.00
# Visual Studio Version 17
VisualStudioVersion = 17.1.32414.318
MinimumVisualStudioVersion = 10.0.40219.1
Project("{FAE04EC0-301F-11D3-BF4B-00C04F79EFBC}") = "NewtonSoft", "NewtonSoft.csproj", "{B6A06C32-7062-4C0C-A8DC-A5A0D481CA2B}"
EndProject
Global
	GlobalSection(SolutionConfigurationPlatforms) = preSolution
		Debug|Any CPU = Debug|Any CPU
		Release|Any CPU = Release|Any CPU
	EndGlobalSection
	GlobalSection(ProjectConfigurationPlatforms) = postSolution
		{B6A06C32-7062-4C0C-A8DC-A5A0D481CA2B}.Debug|Any CPU.ActiveCfg = Debug|Any CPU
		{B6A06C32-7062-4C0C-A8DC-A5A0D481CA2B}.Debug|Any CPU.Build.0 = Debug|Any CPU
		{B6A06C32-7062-4C0C-A8DC-A5A0D481CA2B}.Release|Any CPU.ActiveCfg = Release|Any CPU
		{B6A06C32-7062-4C0C-A8DC-A5A0D481CA2B}.Release|Any CPU.Build.0 = Release|Any CPU
	EndGlobalSection
	GlobalSection(SolutionProperties) = preSolution
		HideSolutionNode = FALSE
	EndGlobalSection
	GlobalSection(ExtensibilityGlobals) = postSolution
		SolutionGuid = {6F70CAB7-C868-411E-B949-99B1EFDD3A75}
	EndGlobalSection
EndGlobal
