
Microsoft Visual Studio Solution File, Format Version 12.00
# Visual Studio Version 17
VisualStudioVersion = 17.1.32210.238
MinimumVisualStudioVersion = 10.0.40219.1
Project("{FAE04EC0-301F-11D3-BF4B-00C04F79EFBC}") = "Core6", "Core6.csproj", "{18CC1745-9479-49BB-AF62-0DCA65EA8EBB}"
EndProject
Global
	GlobalSection(SolutionConfigurationPlatforms) = preSolution
		Debug|Any CPU = Debug|Any CPU
		Release|Any CPU = Release|Any CPU
	EndGlobalSection
	GlobalSection(ProjectConfigurationPlatforms) = postSolution
		{18CC1745-9479-49BB-AF62-0DCA65EA8EBB}.Debug|Any CPU.ActiveCfg = Debug|Any CPU
		{18CC1745-9479-49BB-AF62-0DCA65EA8EBB}.Debug|Any CPU.Build.0 = Debug|Any CPU
		{18CC1745-9479-49BB-AF62-0DCA65EA8EBB}.Release|Any CPU.ActiveCfg = Release|Any CPU
		{18CC1745-9479-49BB-AF62-0DCA65EA8EBB}.Release|Any CPU.Build.0 = Release|Any CPU
	EndGlobalSection
	GlobalSection(SolutionProperties) = preSolution
		HideSolutionNode = FALSE
	EndGlobalSection
	GlobalSection(ExtensibilityGlobals) = postSolution
		SolutionGuid = {83915D4E-E5E3-42A8-A016-EB642984C6A7}
	EndGlobalSection
EndGlobal
