
Microsoft Visual Studio Solution File, Format Version 12.00
# Visual Studio Version 17
VisualStudioVersion = 17.1.32319.34
MinimumVisualStudioVersion = 10.0.40219.1
Project("{FAE04EC0-301F-11D3-BF4B-00C04F79EFBC}") = "MVC.Net6", "MVC.Net6.csproj", "{B1CC7F83-A37F-4C43-9EBF-073DB183D878}"
EndProject
Global
	GlobalSection(SolutionConfigurationPlatforms) = preSolution
		Debug|Any CPU = Debug|Any CPU
		Release|Any CPU = Release|Any CPU
	EndGlobalSection
	GlobalSection(ProjectConfigurationPlatforms) = postSolution
		{B1CC7F83-A37F-4C43-9EBF-073DB183D878}.Debug|Any CPU.ActiveCfg = Debug|Any CPU
		{B1CC7F83-A37F-4C43-9EBF-073DB183D878}.Debug|Any CPU.Build.0 = Debug|Any CPU
		{B1CC7F83-A37F-4C43-9EBF-073DB183D878}.Release|Any CPU.ActiveCfg = Release|Any CPU
		{B1CC7F83-A37F-4C43-9EBF-073DB183D878}.Release|Any CPU.Build.0 = Release|Any CPU
	EndGlobalSection
	GlobalSection(SolutionProperties) = preSolution
		HideSolutionNode = FALSE
	EndGlobalSection
	GlobalSection(ExtensibilityGlobals) = postSolution
		SolutionGuid = {4E3E84D3-91CD-4809-9651-5696246121F9}
	EndGlobalSection
EndGlobal
