
Microsoft Visual Studio Solution File, Format Version 12.00
# Visual Studio Version 17
VisualStudioVersion = 17.1.32228.430
MinimumVisualStudioVersion = 10.0.40219.1
Project("{FAE04EC0-301F-11D3-BF4B-00C04F79EFBC}") = "AppSettingsConfiguration", "AppSettingsConfiguration.csproj", "{87F86269-DE1B-4462-959C-A8BCFE65841B}"
EndProject
Global
	GlobalSection(SolutionConfigurationPlatforms) = preSolution
		Debug|Any CPU = Debug|Any CPU
		Release|Any CPU = Release|Any CPU
	EndGlobalSection
	GlobalSection(ProjectConfigurationPlatforms) = postSolution
		{87F86269-DE1B-4462-959C-A8BCFE65841B}.Debug|Any CPU.ActiveCfg = Debug|Any CPU
		{87F86269-DE1B-4462-959C-A8BCFE65841B}.Debug|Any CPU.Build.0 = Debug|Any CPU
		{87F86269-DE1B-4462-959C-A8BCFE65841B}.Release|Any CPU.ActiveCfg = Release|Any CPU
		{87F86269-DE1B-4462-959C-A8BCFE65841B}.Release|Any CPU.Build.0 = Release|Any CPU
	EndGlobalSection
	GlobalSection(SolutionProperties) = preSolution
		HideSolutionNode = FALSE
	EndGlobalSection
	GlobalSection(ExtensibilityGlobals) = postSolution
		SolutionGuid = {7AA74D84-79EE-496A-8F11-07D6D3C7002B}
	EndGlobalSection
EndGlobal
