
Microsoft Visual Studio Solution File, Format Version 12.00
# Visual Studio Version 17
VisualStudioVersion = 17.1.32414.318
MinimumVisualStudioVersion = 10.0.40219.1
Project("{FAE04EC0-301F-11D3-BF4B-00C04F79EFBC}") = "DevopsAspNetCore", "DevopsAspNetCore.csproj", "{5295442E-D96A-4A17-B535-B4DBA6632B99}"
EndProject
Global
	GlobalSection(SolutionConfigurationPlatforms) = preSolution
		Debug|Any CPU = Debug|Any CPU
		Release|Any CPU = Release|Any CPU
	EndGlobalSection
	GlobalSection(ProjectConfigurationPlatforms) = postSolution
		{5295442E-D96A-4A17-B535-B4DBA6632B99}.Debug|Any CPU.ActiveCfg = Debug|Any CPU
		{5295442E-D96A-4A17-B535-B4DBA6632B99}.Debug|Any CPU.Build.0 = Debug|Any CPU
		{5295442E-D96A-4A17-B535-B4DBA6632B99}.Release|Any CPU.ActiveCfg = Release|Any CPU
		{5295442E-D96A-4A17-B535-B4DBA6632B99}.Release|Any CPU.Build.0 = Release|Any CPU
	EndGlobalSection
	GlobalSection(SolutionProperties) = preSolution
		HideSolutionNode = FALSE
	EndGlobalSection
	GlobalSection(ExtensibilityGlobals) = postSolution
		SolutionGuid = {A4E6A04B-FFB7-442F-8718-6D301D0CE0B3}
	EndGlobalSection
EndGlobal
