
Microsoft Visual Studio Solution File, Format Version 12.00
# Visual Studio Version 17
VisualStudioVersion = 17.0.32014.148
MinimumVisualStudioVersion = 10.0.40219.1
Project("{FAE04EC0-301F-11D3-BF4B-00C04F79EFBC}") = "WebApplication7", "WebApplication7\WebApplication7.csproj", "{5D50AE8C-551E-43AC-A90F-85BCD0683104}"
EndProject
Global
	GlobalSection(SolutionConfigurationPlatforms) = preSolution
		Debug|Any CPU = Debug|Any CPU
		Release|Any CPU = Release|Any CPU
	EndGlobalSection
	GlobalSection(ProjectConfigurationPlatforms) = postSolution
		{5D50AE8C-551E-43AC-A90F-85BCD0683104}.Debug|Any CPU.ActiveCfg = Debug|Any CPU
		{5D50AE8C-551E-43AC-A90F-85BCD0683104}.Debug|Any CPU.Build.0 = Debug|Any CPU
		{5D50AE8C-551E-43AC-A90F-85BCD0683104}.Release|Any CPU.ActiveCfg = Release|Any CPU
		{5D50AE8C-551E-43AC-A90F-85BCD0683104}.Release|Any CPU.Build.0 = Release|Any CPU
	EndGlobalSection
	GlobalSection(SolutionProperties) = preSolution
		HideSolutionNode = FALSE
	EndGlobalSection
	GlobalSection(ExtensibilityGlobals) = postSolution
		SolutionGuid = {09D771F9-242E-4279-B954-FFA35F3A6B00}
	EndGlobalSection
EndGlobal
