
Microsoft Visual Studio Solution File, Format Version 12.00
# Visual Studio Version 17
VisualStudioVersion = 17.1.32210.238
MinimumVisualStudioVersion = 10.0.40219.1
Project("{FAE04EC0-301F-11D3-BF4B-00C04F79EFBC}") = "WebJob1", "WebJob1.csproj", "{B9398534-EDC6-4E68-B859-D7F76D18A9E1}"
EndProject
Global
	GlobalSection(SolutionConfigurationPlatforms) = preSolution
		Debug|Any CPU = Debug|Any CPU
		Release|Any CPU = Release|Any CPU
	EndGlobalSection
	GlobalSection(ProjectConfigurationPlatforms) = postSolution
		{B9398534-EDC6-4E68-B859-D7F76D18A9E1}.Debug|Any CPU.ActiveCfg = Debug|Any CPU
		{B9398534-EDC6-4E68-B859-D7F76D18A9E1}.Debug|Any CPU.Build.0 = Debug|Any CPU
		{B9398534-EDC6-4E68-B859-D7F76D18A9E1}.Release|Any CPU.ActiveCfg = Release|Any CPU
		{B9398534-EDC6-4E68-B859-D7F76D18A9E1}.Release|Any CPU.Build.0 = Release|Any CPU
	EndGlobalSection
	GlobalSection(SolutionProperties) = preSolution
		HideSolutionNode = FALSE
	EndGlobalSection
	GlobalSection(ExtensibilityGlobals) = postSolution
		SolutionGuid = {BEC17334-E123-4D4D-B815-12D203355CC7}
	EndGlobalSection
EndGlobal
