
Microsoft Visual Studio Solution File, Format Version 12.00
# Visual Studio Version 16
VisualStudioVersion = 16.0.32106.194
MinimumVisualStudioVersion = 10.0.40219.1
Project("{9092AA53-FB77-4645-B42D-1CCCA6BD08BD}") = "ExpressApp4", "ExpressApp4\ExpressApp4.njsproj", "{8B07AC97-A812-488A-AC3F-7F8FC93AC8ED}"
EndProject
Global
	GlobalSection(SolutionConfigurationPlatforms) = preSolution
		Debug|Any CPU = Debug|Any CPU
		Release|Any CPU = Release|Any CPU
	EndGlobalSection
	GlobalSection(ProjectConfigurationPlatforms) = postSolution
		{8B07AC97-A812-488A-AC3F-7F8FC93AC8ED}.Debug|Any CPU.ActiveCfg = Debug|Any CPU
		{8B07AC97-A812-488A-AC3F-7F8FC93AC8ED}.Debug|Any CPU.Build.0 = Debug|Any CPU
		{8B07AC97-A812-488A-AC3F-7F8FC93AC8ED}.Release|Any CPU.ActiveCfg = Release|Any CPU
		{8B07AC97-A812-488A-AC3F-7F8FC93AC8ED}.Release|Any CPU.Build.0 = Release|Any CPU
	EndGlobalSection
	GlobalSection(SolutionProperties) = preSolution
		HideSolutionNode = FALSE
	EndGlobalSection
	GlobalSection(ExtensibilityGlobals) = postSolution
		SolutionGuid = {CA8D5386-0662-4261-8DA2-281BBC310896}
	EndGlobalSection
EndGlobal
