
Microsoft Visual Studio Solution File, Format Version 12.00
# Visual Studio Version 17
VisualStudioVersion = 17.0.32014.148
MinimumVisualStudioVersion = 10.0.40219.1
Project("{FAE04EC0-301F-11D3-BF4B-00C04F79EFBC}") = "Swagger", "Swagger\Swagger.csproj", "{434C6AB2-BE8A-409A-9581-0F02D8349AE2}"
EndProject
Global
	GlobalSection(SolutionConfigurationPlatforms) = preSolution
		Debug|Any CPU = Debug|Any CPU
		Release|Any CPU = Release|Any CPU
	EndGlobalSection
	GlobalSection(ProjectConfigurationPlatforms) = postSolution
		{434C6AB2-BE8A-409A-9581-0F02D8349AE2}.Debug|Any CPU.ActiveCfg = Debug|Any CPU
		{434C6AB2-BE8A-409A-9581-0F02D8349AE2}.Debug|Any CPU.Build.0 = Debug|Any CPU
		{434C6AB2-BE8A-409A-9581-0F02D8349AE2}.Release|Any CPU.ActiveCfg = Release|Any CPU
		{434C6AB2-BE8A-409A-9581-0F02D8349AE2}.Release|Any CPU.Build.0 = Release|Any CPU
	EndGlobalSection
	GlobalSection(SolutionProperties) = preSolution
		HideSolutionNode = FALSE
	EndGlobalSection
	GlobalSection(ExtensibilityGlobals) = postSolution
		SolutionGuid = {C53E7D05-C300-4AF8-9CD1-25DFDBF9A0D2}
	EndGlobalSection
EndGlobal
