
Microsoft Visual Studio Solution File, Format Version 12.00
# Visual Studio Version 17
VisualStudioVersion = 17.2.32516.85
MinimumVisualStudioVersion = 10.0.40219.1
Project("{FAE04EC0-301F-11D3-BF4B-00C04F79EFBC}") = "WebJobsSDK", "WebJobsSDK.csproj", "{760DD5B5-5C70-40DA-87F2-FCCB417A7E9C}"
EndProject
Global
	GlobalSection(SolutionConfigurationPlatforms) = preSolution
		Debug|Any CPU = Debug|Any CPU
		Release|Any CPU = Release|Any CPU
	EndGlobalSection
	GlobalSection(ProjectConfigurationPlatforms) = postSolution
		{760DD5B5-5C70-40DA-87F2-FCCB417A7E9C}.Debug|Any CPU.ActiveCfg = Debug|Any CPU
		{760DD5B5-5C70-40DA-87F2-FCCB417A7E9C}.Debug|Any CPU.Build.0 = Debug|Any CPU
		{760DD5B5-5C70-40DA-87F2-FCCB417A7E9C}.Release|Any CPU.ActiveCfg = Release|Any CPU
		{760DD5B5-5C70-40DA-87F2-FCCB417A7E9C}.Release|Any CPU.Build.0 = Release|Any CPU
	EndGlobalSection
	GlobalSection(SolutionProperties) = preSolution
		HideSolutionNode = FALSE
	EndGlobalSection
	GlobalSection(ExtensibilityGlobals) = postSolution
		SolutionGuid = {82527B15-A1B5-452D-812E-DF5D8079E067}
	EndGlobalSection
EndGlobal
