
Microsoft Visual Studio Solution File, Format Version 12.00
# Visual Studio Version 17
VisualStudioVersion = 17.1.32319.34
MinimumVisualStudioVersion = 10.0.40219.1
Project("{FAE04EC0-301F-11D3-BF4B-00C04F79EFBC}") = "EnvironmentalVariables", "EnvironmentalVariables.csproj", "{28C9C552-D4C3-4EDF-90C7-D930C36582E9}"
EndProject
Global
	GlobalSection(SolutionConfigurationPlatforms) = preSolution
		Debug|Any CPU = Debug|Any CPU
		Release|Any CPU = Release|Any CPU
	EndGlobalSection
	GlobalSection(ProjectConfigurationPlatforms) = postSolution
		{28C9C552-D4C3-4EDF-90C7-D930C36582E9}.Debug|Any CPU.ActiveCfg = Debug|Any CPU
		{28C9C552-D4C3-4EDF-90C7-D930C36582E9}.Debug|Any CPU.Build.0 = Debug|Any CPU
		{28C9C552-D4C3-4EDF-90C7-D930C36582E9}.Release|Any CPU.ActiveCfg = Release|Any CPU
		{28C9C552-D4C3-4EDF-90C7-D930C36582E9}.Release|Any CPU.Build.0 = Release|Any CPU
	EndGlobalSection
	GlobalSection(SolutionProperties) = preSolution
		HideSolutionNode = FALSE
	EndGlobalSection
	GlobalSection(ExtensibilityGlobals) = postSolution
		SolutionGuid = {9674DCDB-7496-45EF-BCFB-C1A55F65DF55}
	EndGlobalSection
EndGlobal
