
Microsoft Visual Studio Solution File, Format Version 12.00
# Visual Studio Version 17
VisualStudioVersion = 17.2.32516.85
MinimumVisualStudioVersion = 10.0.40219.1
Project("{FAE04EC0-301F-11D3-BF4B-00C04F79EFBC}") = "WebJob4", "WebJob4.csproj", "{F577FC17-6834-4436-B580-CC1F9E93CAA0}"
EndProject
Project("{FAE04EC0-301F-11D3-BF4B-00C04F79EFBC}") = "WebJob5", "..\WebJob5\WebJob5.csproj", "{3B337551-CE3C-4EE9-869F-5ED8D69F3EEF}"
EndProject
Global
	GlobalSection(SolutionConfigurationPlatforms) = preSolution
		Debug|Any CPU = Debug|Any CPU
		Release|Any CPU = Release|Any CPU
	EndGlobalSection
	GlobalSection(ProjectConfigurationPlatforms) = postSolution
		{F577FC17-6834-4436-B580-CC1F9E93CAA0}.Debug|Any CPU.ActiveCfg = Debug|Any CPU
		{F577FC17-6834-4436-B580-CC1F9E93CAA0}.Debug|Any CPU.Build.0 = Debug|Any CPU
		{F577FC17-6834-4436-B580-CC1F9E93CAA0}.Release|Any CPU.ActiveCfg = Release|Any CPU
		{F577FC17-6834-4436-B580-CC1F9E93CAA0}.Release|Any CPU.Build.0 = Release|Any CPU
		{3B337551-CE3C-4EE9-869F-5ED8D69F3EEF}.Debug|Any CPU.ActiveCfg = Debug|Any CPU
		{3B337551-CE3C-4EE9-869F-5ED8D69F3EEF}.Debug|Any CPU.Build.0 = Debug|Any CPU
		{3B337551-CE3C-4EE9-869F-5ED8D69F3EEF}.Release|Any CPU.ActiveCfg = Release|Any CPU
		{3B337551-CE3C-4EE9-869F-5ED8D69F3EEF}.Release|Any CPU.Build.0 = Release|Any CPU
	EndGlobalSection
	GlobalSection(SolutionProperties) = preSolution
		HideSolutionNode = FALSE
	EndGlobalSection
	GlobalSection(ExtensibilityGlobals) = postSolution
		SolutionGuid = {6D76C22C-331D-4FFA-AD77-5A221416B324}
	EndGlobalSection
EndGlobal
